// !$*UTF8*$!
{
	archiveVersion = 1;
	classes = {
	};
	objectVersion = 46;
	objects = {

/* Begin PBXBuildFile section */
		400D9CD916E49F3D002AEBD4 /* UIKit.framework in Frameworks */ = {isa = PBXBuildFile; fileRef = 400D9CD816E49F3D002AEBD4 /* UIKit.framework */; };
		400D9CDB16E49F3D002AEBD4 /* Foundation.framework in Frameworks */ = {isa = PBXBuildFile; fileRef = 400D9CDA16E49F3D002AEBD4 /* Foundation.framework */; };
		400D9CDD16E49F3D002AEBD4 /* CoreGraphics.framework in Frameworks */ = {isa = PBXBuildFile; fileRef = 400D9CDC16E49F3D002AEBD4 /* CoreGraphics.framework */; };
		400D9CE316E49F3D002AEBD4 /* InfoPlist.strings in Resources */ = {isa = PBXBuildFile; fileRef = 400D9CE116E49F3D002AEBD4 /* InfoPlist.strings */; };
		400D9CE516E49F3D002AEBD4 /* main.m in Sources */ = {isa = PBXBuildFile; fileRef = 400D9CE416E49F3D002AEBD4 /* main.m */; };
		400D9CE916E49F3D002AEBD4 /* AppDelegate.m in Sources */ = {isa = PBXBuildFile; fileRef = 400D9CE816E49F3D002AEBD4 /* AppDelegate.m */; };
		400D9CEB16E49F3D002AEBD4 /* Default.png in Resources */ = {isa = PBXBuildFile; fileRef = 400D9CEA16E49F3D002AEBD4 /* Default.png */; };
		400D9CED16E49F3D002AEBD4 /* Default@2x.png in Resources */ = {isa = PBXBuildFile; fileRef = 400D9CEC16E49F3D002AEBD4 /* Default@2x.png */; };
		400D9CEF16E49F3D002AEBD4 /* Default-568h@2x.png in Resources */ = {isa = PBXBuildFile; fileRef = 400D9CEE16E49F3D002AEBD4 /* Default-568h@2x.png */; };
		400D9CF716E49F3D002AEBD4 /* SenTestingKit.framework in Frameworks */ = {isa = PBXBuildFile; fileRef = 400D9CF616E49F3D002AEBD4 /* SenTestingKit.framework */; };
		400D9CF816E49F3D002AEBD4 /* UIKit.framework in Frameworks */ = {isa = PBXBuildFile; fileRef = 400D9CD816E49F3D002AEBD4 /* UIKit.framework */; };
		400D9CF916E49F3D002AEBD4 /* Foundation.framework in Frameworks */ = {isa = PBXBuildFile; fileRef = 400D9CDA16E49F3D002AEBD4 /* Foundation.framework */; };
		400D9D0116E49F3D002AEBD4 /* InfoPlist.strings in Resources */ = {isa = PBXBuildFile; fileRef = 400D9CFF16E49F3D002AEBD4 /* InfoPlist.strings */; };
		400D9D0416E49F3D002AEBD4 /* TPMigrationManagerUTTests.m in Sources */ = {isa = PBXBuildFile; fileRef = 400D9D0316E49F3D002AEBD4 /* TPMigrationManagerUTTests.m */; };
		400D9D2716E4A1F6002AEBD4 /* AnyCoreDataManager.m in Sources */ = {isa = PBXBuildFile; fileRef = 400D9D1B16E4A1F6002AEBD4 /* AnyCoreDataManager.m */; };
		400D9D2B16E4A1F6002AEBD4 /* AnyV1CoreDataManager.m in Sources */ = {isa = PBXBuildFile; fileRef = 400D9D2016E4A1F6002AEBD4 /* AnyV1CoreDataManager.m */; };
		400D9D2C16E4A1F6002AEBD4 /* CoreDataManager.m in Sources */ = {isa = PBXBuildFile; fileRef = 400D9D2216E4A1F6002AEBD4 /* CoreDataManager.m */; };
		400D9D4416E4A207002AEBD4 /* InferredOnlyV1CoreDataManager.m in Sources */ = {isa = PBXBuildFile; fileRef = 400D9D3316E4A207002AEBD4 /* InferredOnlyV1CoreDataManager.m */; };
		400D9D4516E4A207002AEBD4 /* Item.m in Sources */ = {isa = PBXBuildFile; fileRef = 400D9D3516E4A207002AEBD4 /* Item.m */; };
		400D9D4716E4A207002AEBD4 /* NoMapCoreDataManager.m in Sources */ = {isa = PBXBuildFile; fileRef = 400D9D3A16E4A207002AEBD4 /* NoMapCoreDataManager.m */; };
		400D9D4816E4A207002AEBD4 /* NoMapV1CoreDataManager.m in Sources */ = {isa = PBXBuildFile; fileRef = 400D9D3C16E4A207002AEBD4 /* NoMapV1CoreDataManager.m */; };
		400D9D4B16E4A207002AEBD4 /* SpecificOnlyV1CoreDataManager.m in Sources */ = {isa = PBXBuildFile; fileRef = 400D9D4216E4A207002AEBD4 /* SpecificOnlyV1CoreDataManager.m */; };
		400D9D5316E4A35F002AEBD4 /* CoreData.framework in Frameworks */ = {isa = PBXBuildFile; fileRef = 400D9D5216E4A35F002AEBD4 /* CoreData.framework */; };
		400D9D5716E4A3B7002AEBD4 /* SpecificOnlyMap-1_2.xcmappingmodel in Sources */ = {isa = PBXBuildFile; fileRef = 400D9D4016E4A207002AEBD4 /* SpecificOnlyMap-1_2.xcmappingmodel */; };
		400D9D5916E4A3BD002AEBD4 /* AnyMap-1_2.xcmappingmodel in Sources */ = {isa = PBXBuildFile; fileRef = 400D9D1C16E4A1F6002AEBD4 /* AnyMap-1_2.xcmappingmodel */; };
		400D9D5A16E4A3E5002AEBD4 /* AnyMap-2_3.xcmappingmodel in Sources */ = {isa = PBXBuildFile; fileRef = 400D9D1E16E4A1F6002AEBD4 /* AnyMap-2_3.xcmappingmodel */; };
		400D9D5B16E4A3E8002AEBD4 /* AnyMap-1_3.xcmappingmodel in Sources */ = {isa = PBXBuildFile; fileRef = 400D9D1D16E4A1F6002AEBD4 /* AnyMap-1_3.xcmappingmodel */; };
		4056395F16E6BC5D0020C12D /* TPMigrationManager.m in Sources */ = {isa = PBXBuildFile; fileRef = 4056395E16E6BC5D0020C12D /* TPMigrationManager.m */; };
		475B6ABA16E4E2B100E5BC6D /* InferredOnly.xcdatamodeld in Sources */ = {isa = PBXBuildFile; fileRef = 400D9D2F16E4A207002AEBD4 /* InferredOnly.xcdatamodeld */; };
		475B6ABB16E4E2C100E5BC6D /* NoMap.xcdatamodeld in Sources */ = {isa = PBXBuildFile; fileRef = 400D9D3616E4A207002AEBD4 /* NoMap.xcdatamodeld */; };
		475B6ABC16E4E2CA00E5BC6D /* SpecificOnly.xcdatamodeld in Sources */ = {isa = PBXBuildFile; fileRef = 400D9D3D16E4A207002AEBD4 /* SpecificOnly.xcdatamodeld */; };
		475B6ABD16E4E2CC00E5BC6D /* Any.xcdatamodeld in Sources */ = {isa = PBXBuildFile; fileRef = 400D9D1616E4A1F5002AEBD4 /* Any.xcdatamodeld */; };
		475B6ABE16E4EB2800E5BC6D /* InferredOnly.xcdatamodeld in Sources */ = {isa = PBXBuildFile; fileRef = 400D9D2F16E4A207002AEBD4 /* InferredOnly.xcdatamodeld */; };
		475B6ABF16E4EB2B00E5BC6D /* NoMap.xcdatamodeld in Sources */ = {isa = PBXBuildFile; fileRef = 400D9D3616E4A207002AEBD4 /* NoMap.xcdatamodeld */; };
		475B6AC016E4EB2E00E5BC6D /* SpecificOnly.xcdatamodeld in Sources */ = {isa = PBXBuildFile; fileRef = 400D9D3D16E4A207002AEBD4 /* SpecificOnly.xcdatamodeld */; };
		475B6AC116E4EB3200E5BC6D /* Any.xcdatamodeld in Sources */ = {isa = PBXBuildFile; fileRef = 400D9D1616E4A1F5002AEBD4 /* Any.xcdatamodeld */; };
/* End PBXBuildFile section */

/* Begin PBXContainerItemProxy section */
		400D9CFA16E49F3D002AEBD4 /* PBXContainerItemProxy */ = {
			isa = PBXContainerItemProxy;
			containerPortal = 400D9CCD16E49F3D002AEBD4 /* Project object */;
			proxyType = 1;
			remoteGlobalIDString = 400D9CD416E49F3D002AEBD4;
			remoteInfo = TPMigrationManagerUT;
		};
/* End PBXContainerItemProxy section */

/* Begin PBXFileReference section */
		400D9CD516E49F3D002AEBD4 /* TPMigrationManagerUT.app */ = {isa = PBXFileReference; explicitFileType = wrapper.application; includeInIndex = 0; path = TPMigrationManagerUT.app; sourceTree = BUILT_PRODUCTS_DIR; };
		400D9CD816E49F3D002AEBD4 /* UIKit.framework */ = {isa = PBXFileReference; lastKnownFileType = wrapper.framework; name = UIKit.framework; path = System/Library/Frameworks/UIKit.framework; sourceTree = SDKROOT; };
		400D9CDA16E49F3D002AEBD4 /* Foundation.framework */ = {isa = PBXFileReference; lastKnownFileType = wrapper.framework; name = Foundation.framework; path = System/Library/Frameworks/Foundation.framework; sourceTree = SDKROOT; };
		400D9CDC16E49F3D002AEBD4 /* CoreGraphics.framework */ = {isa = PBXFileReference; lastKnownFileType = wrapper.framework; name = CoreGraphics.framework; path = System/Library/Frameworks/CoreGraphics.framework; sourceTree = SDKROOT; };
		400D9CE016E49F3D002AEBD4 /* TPMigrationManagerUT-Info.plist */ = {isa = PBXFileReference; lastKnownFileType = text.plist.xml; path = "TPMigrationManagerUT-Info.plist"; sourceTree = "<group>"; };
		400D9CE216E49F3D002AEBD4 /* en */ = {isa = PBXFileReference; lastKnownFileType = text.plist.strings; name = en; path = en.lproj/InfoPlist.strings; sourceTree = "<group>"; };
		400D9CE416E49F3D002AEBD4 /* main.m */ = {isa = PBXFileReference; lastKnownFileType = sourcecode.c.objc; path = main.m; sourceTree = "<group>"; };
		400D9CE616E49F3D002AEBD4 /* TPMigrationManagerUT-Prefix.pch */ = {isa = PBXFileReference; lastKnownFileType = sourcecode.c.h; path = "TPMigrationManagerUT-Prefix.pch"; sourceTree = "<group>"; };
		400D9CE716E49F3D002AEBD4 /* AppDelegate.h */ = {isa = PBXFileReference; lastKnownFileType = sourcecode.c.h; path = AppDelegate.h; sourceTree = "<group>"; };
		400D9CE816E49F3D002AEBD4 /* AppDelegate.m */ = {isa = PBXFileReference; lastKnownFileType = sourcecode.c.objc; path = AppDelegate.m; sourceTree = "<group>"; };
		400D9CEA16E49F3D002AEBD4 /* Default.png */ = {isa = PBXFileReference; lastKnownFileType = image.png; path = Default.png; sourceTree = "<group>"; };
		400D9CEC16E49F3D002AEBD4 /* Default@2x.png */ = {isa = PBXFileReference; lastKnownFileType = image.png; path = "Default@2x.png"; sourceTree = "<group>"; };
		400D9CEE16E49F3D002AEBD4 /* Default-568h@2x.png */ = {isa = PBXFileReference; lastKnownFileType = image.png; path = "Default-568h@2x.png"; sourceTree = "<group>"; };
		400D9CF516E49F3D002AEBD4 /* TPMigrationManagerUTTests.octest */ = {isa = PBXFileReference; explicitFileType = wrapper.cfbundle; includeInIndex = 0; path = TPMigrationManagerUTTests.octest; sourceTree = BUILT_PRODUCTS_DIR; };
		400D9CF616E49F3D002AEBD4 /* SenTestingKit.framework */ = {isa = PBXFileReference; lastKnownFileType = wrapper.framework; name = SenTestingKit.framework; path = Library/Frameworks/SenTestingKit.framework; sourceTree = DEVELOPER_DIR; };
		400D9CFE16E49F3D002AEBD4 /* TPMigrationManagerUTTests-Info.plist */ = {isa = PBXFileReference; lastKnownFileType = text.plist.xml; path = "TPMigrationManagerUTTests-Info.plist"; sourceTree = "<group>"; };
		400D9D0016E49F3D002AEBD4 /* en */ = {isa = PBXFileReference; lastKnownFileType = text.plist.strings; name = en; path = en.lproj/InfoPlist.strings; sourceTree = "<group>"; };
		400D9D0216E49F3D002AEBD4 /* TPMigrationManagerUTTests.h */ = {isa = PBXFileReference; lastKnownFileType = sourcecode.c.h; path = TPMigrationManagerUTTests.h; sourceTree = "<group>"; };
		400D9D0316E49F3D002AEBD4 /* TPMigrationManagerUTTests.m */ = {isa = PBXFileReference; lastKnownFileType = sourcecode.c.objc; path = TPMigrationManagerUTTests.m; sourceTree = "<group>"; };
		400D9D1716E4A1F5002AEBD4 /* Any.xcdatamodel */ = {isa = PBXFileReference; lastKnownFileType = wrapper.xcdatamodel; path = Any.xcdatamodel; sourceTree = "<group>"; };
		400D9D1816E4A1F5002AEBD4 /* Any2.xcdatamodel */ = {isa = PBXFileReference; lastKnownFileType = wrapper.xcdatamodel; path = Any2.xcdatamodel; sourceTree = "<group>"; };
		400D9D1916E4A1F6002AEBD4 /* Any3.xcdatamodel */ = {isa = PBXFileReference; lastKnownFileType = wrapper.xcdatamodel; path = Any3.xcdatamodel; sourceTree = "<group>"; };
		400D9D1A16E4A1F6002AEBD4 /* AnyCoreDataManager.h */ = {isa = PBXFileReference; fileEncoding = 4; lastKnownFileType = sourcecode.c.h; path = AnyCoreDataManager.h; sourceTree = "<group>"; };
		400D9D1B16E4A1F6002AEBD4 /* AnyCoreDataManager.m */ = {isa = PBXFileReference; fileEncoding = 4; lastKnownFileType = sourcecode.c.objc; path = AnyCoreDataManager.m; sourceTree = "<group>"; };
		400D9D1C16E4A1F6002AEBD4 /* AnyMap-1_2.xcmappingmodel */ = {isa = PBXFileReference; lastKnownFileType = wrapper.xcmappingmodel; path = "AnyMap-1_2.xcmappingmodel"; sourceTree = "<group>"; };
		400D9D1D16E4A1F6002AEBD4 /* AnyMap-1_3.xcmappingmodel */ = {isa = PBXFileReference; lastKnownFileType = wrapper.xcmappingmodel; path = "AnyMap-1_3.xcmappingmodel"; sourceTree = "<group>"; };
		400D9D1E16E4A1F6002AEBD4 /* AnyMap-2_3.xcmappingmodel */ = {isa = PBXFileReference; lastKnownFileType = wrapper.xcmappingmodel; path = "AnyMap-2_3.xcmappingmodel"; sourceTree = "<group>"; };
		400D9D1F16E4A1F6002AEBD4 /* AnyV1CoreDataManager.h */ = {isa = PBXFileReference; fileEncoding = 4; lastKnownFileType = sourcecode.c.h; path = AnyV1CoreDataManager.h; sourceTree = "<group>"; };
		400D9D2016E4A1F6002AEBD4 /* AnyV1CoreDataManager.m */ = {isa = PBXFileReference; fileEncoding = 4; lastKnownFileType = sourcecode.c.objc; path = AnyV1CoreDataManager.m; sourceTree = "<group>"; };
		400D9D2116E4A1F6002AEBD4 /* CoreDataManager.h */ = {isa = PBXFileReference; fileEncoding = 4; lastKnownFileType = sourcecode.c.h; path = CoreDataManager.h; sourceTree = "<group>"; };
		400D9D2216E4A1F6002AEBD4 /* CoreDataManager.m */ = {isa = PBXFileReference; fileEncoding = 4; lastKnownFileType = sourcecode.c.objc; path = CoreDataManager.m; sourceTree = "<group>"; };
		400D9D3016E4A207002AEBD4 /* InferredOnly.xcdatamodel */ = {isa = PBXFileReference; lastKnownFileType = wrapper.xcdatamodel; path = InferredOnly.xcdatamodel; sourceTree = "<group>"; };
		400D9D3116E4A207002AEBD4 /* InferredOnly2.xcdatamodel */ = {isa = PBXFileReference; lastKnownFileType = wrapper.xcdatamodel; path = InferredOnly2.xcdatamodel; sourceTree = "<group>"; };
		400D9D3216E4A207002AEBD4 /* InferredOnlyV1CoreDataManager.h */ = {isa = PBXFileReference; fileEncoding = 4; lastKnownFileType = sourcecode.c.h; path = InferredOnlyV1CoreDataManager.h; sourceTree = "<group>"; };
		400D9D3316E4A207002AEBD4 /* InferredOnlyV1CoreDataManager.m */ = {isa = PBXFileReference; fileEncoding = 4; lastKnownFileType = sourcecode.c.objc; path = InferredOnlyV1CoreDataManager.m; sourceTree = "<group>"; };
		400D9D3416E4A207002AEBD4 /* Item.h */ = {isa = PBXFileReference; fileEncoding = 4; lastKnownFileType = sourcecode.c.h; path = Item.h; sourceTree = "<group>"; };
		400D9D3516E4A207002AEBD4 /* Item.m */ = {isa = PBXFileReference; fileEncoding = 4; lastKnownFileType = sourcecode.c.objc; path = Item.m; sourceTree = "<group>"; };
		400D9D3716E4A207002AEBD4 /* NoMap.xcdatamodel */ = {isa = PBXFileReference; lastKnownFileType = wrapper.xcdatamodel; path = NoMap.xcdatamodel; sourceTree = "<group>"; };
		400D9D3816E4A207002AEBD4 /* NoMap2.xcdatamodel */ = {isa = PBXFileReference; lastKnownFileType = wrapper.xcdatamodel; path = NoMap2.xcdatamodel; sourceTree = "<group>"; };
		400D9D3916E4A207002AEBD4 /* NoMapCoreDataManager.h */ = {isa = PBXFileReference; fileEncoding = 4; lastKnownFileType = sourcecode.c.h; path = NoMapCoreDataManager.h; sourceTree = "<group>"; };
		400D9D3A16E4A207002AEBD4 /* NoMapCoreDataManager.m */ = {isa = PBXFileReference; fileEncoding = 4; lastKnownFileType = sourcecode.c.objc; path = NoMapCoreDataManager.m; sourceTree = "<group>"; };
		400D9D3B16E4A207002AEBD4 /* NoMapV1CoreDataManager.h */ = {isa = PBXFileReference; fileEncoding = 4; lastKnownFileType = sourcecode.c.h; path = NoMapV1CoreDataManager.h; sourceTree = "<group>"; };
		400D9D3C16E4A207002AEBD4 /* NoMapV1CoreDataManager.m */ = {isa = PBXFileReference; fileEncoding = 4; lastKnownFileType = sourcecode.c.objc; path = NoMapV1CoreDataManager.m; sourceTree = "<group>"; };
		400D9D3E16E4A207002AEBD4 /* SpecificOnly.xcdatamodel */ = {isa = PBXFileReference; lastKnownFileType = wrapper.xcdatamodel; path = SpecificOnly.xcdatamodel; sourceTree = "<group>"; };
		400D9D3F16E4A207002AEBD4 /* SpecificOnly2.xcdatamodel */ = {isa = PBXFileReference; lastKnownFileType = wrapper.xcdatamodel; path = SpecificOnly2.xcdatamodel; sourceTree = "<group>"; };
		400D9D4016E4A207002AEBD4 /* SpecificOnlyMap-1_2.xcmappingmodel */ = {isa = PBXFileReference; lastKnownFileType = wrapper.xcmappingmodel; path = "SpecificOnlyMap-1_2.xcmappingmodel"; sourceTree = "<group>"; };
		400D9D4116E4A207002AEBD4 /* SpecificOnlyV1CoreDataManager.h */ = {isa = PBXFileReference; fileEncoding = 4; lastKnownFileType = sourcecode.c.h; path = SpecificOnlyV1CoreDataManager.h; sourceTree = "<group>"; };
		400D9D4216E4A207002AEBD4 /* SpecificOnlyV1CoreDataManager.m */ = {isa = PBXFileReference; fileEncoding = 4; lastKnownFileType = sourcecode.c.objc; path = SpecificOnlyV1CoreDataManager.m; sourceTree = "<group>"; };
		400D9D5216E4A35F002AEBD4 /* CoreData.framework */ = {isa = PBXFileReference; lastKnownFileType = wrapper.framework; name = CoreData.framework; path = System/Library/Frameworks/CoreData.framework; sourceTree = SDKROOT; };
		4056395D16E6BC5D0020C12D /* TPMigrationManager.h */ = {isa = PBXFileReference; fileEncoding = 4; lastKnownFileType = sourcecode.c.h; path = TPMigrationManager.h; sourceTree = "<group>"; };
		4056395E16E6BC5D0020C12D /* TPMigrationManager.m */ = {isa = PBXFileReference; fileEncoding = 4; lastKnownFileType = sourcecode.c.objc; path = TPMigrationManager.m; sourceTree = "<group>"; };
/* End PBXFileReference section */

/* Begin PBXFrameworksBuildPhase section */
		400D9CD216E49F3D002AEBD4 /* Frameworks */ = {
			isa = PBXFrameworksBuildPhase;
			buildActionMask = 2147483647;
			files = (
				400D9CD916E49F3D002AEBD4 /* UIKit.framework in Frameworks */,
				400D9CDB16E49F3D002AEBD4 /* Foundation.framework in Frameworks */,
				400D9CDD16E49F3D002AEBD4 /* CoreGraphics.framework in Frameworks */,
			);
			runOnlyForDeploymentPostprocessing = 0;
		};
		400D9CF116E49F3D002AEBD4 /* Frameworks */ = {
			isa = PBXFrameworksBuildPhase;
			buildActionMask = 2147483647;
			files = (
				400D9D5316E4A35F002AEBD4 /* CoreData.framework in Frameworks */,
				400D9CF716E49F3D002AEBD4 /* SenTestingKit.framework in Frameworks */,
				400D9CF816E49F3D002AEBD4 /* UIKit.framework in Frameworks */,
				400D9CF916E49F3D002AEBD4 /* Foundation.framework in Frameworks */,
			);
			runOnlyForDeploymentPostprocessing = 0;
		};
/* End PBXFrameworksBuildPhase section */

/* Begin PBXGroup section */
		400D9CCC16E49F3D002AEBD4 = {
			isa = PBXGroup;
			children = (
				400D9CDE16E49F3D002AEBD4 /* TPMigrationManagerUT */,
				400D9CFC16E49F3D002AEBD4 /* TPMigrationManagerUTTests */,
				400D9CD716E49F3D002AEBD4 /* Frameworks */,
				400D9CD616E49F3D002AEBD4 /* Products */,
			);
			sourceTree = "<group>";
		};
		400D9CD616E49F3D002AEBD4 /* Products */ = {
			isa = PBXGroup;
			children = (
				400D9CD516E49F3D002AEBD4 /* TPMigrationManagerUT.app */,
				400D9CF516E49F3D002AEBD4 /* TPMigrationManagerUTTests.octest */,
			);
			name = Products;
			sourceTree = "<group>";
		};
		400D9CD716E49F3D002AEBD4 /* Frameworks */ = {
			isa = PBXGroup;
			children = (
				400D9D5216E4A35F002AEBD4 /* CoreData.framework */,
				400D9CD816E49F3D002AEBD4 /* UIKit.framework */,
				400D9CDA16E49F3D002AEBD4 /* Foundation.framework */,
				400D9CDC16E49F3D002AEBD4 /* CoreGraphics.framework */,
				400D9CF616E49F3D002AEBD4 /* SenTestingKit.framework */,
			);
			name = Frameworks;
			sourceTree = "<group>";
		};
		400D9CDE16E49F3D002AEBD4 /* TPMigrationManagerUT */ = {
			isa = PBXGroup;
			children = (
				400D9CE716E49F3D002AEBD4 /* AppDelegate.h */,
				400D9CE816E49F3D002AEBD4 /* AppDelegate.m */,
				400D9CDF16E49F3D002AEBD4 /* Supporting Files */,
			);
			path = TPMigrationManagerUT;
			sourceTree = "<group>";
		};
		400D9CDF16E49F3D002AEBD4 /* Supporting Files */ = {
			isa = PBXGroup;
			children = (
				400D9CE016E49F3D002AEBD4 /* TPMigrationManagerUT-Info.plist */,
				400D9CE116E49F3D002AEBD4 /* InfoPlist.strings */,
				400D9CE416E49F3D002AEBD4 /* main.m */,
				400D9CE616E49F3D002AEBD4 /* TPMigrationManagerUT-Prefix.pch */,
				400D9CEA16E49F3D002AEBD4 /* Default.png */,
				400D9CEC16E49F3D002AEBD4 /* Default@2x.png */,
				400D9CEE16E49F3D002AEBD4 /* Default-568h@2x.png */,
			);
			name = "Supporting Files";
			sourceTree = "<group>";
		};
		400D9CFC16E49F3D002AEBD4 /* TPMigrationManagerUTTests */ = {
			isa = PBXGroup;
			children = (
				400D9D4E16E4A30B002AEBD4 /* TPMigrationManager */,
				400D9D2F16E4A207002AEBD4 /* InferredOnly.xcdatamodeld */,
				400D9D3216E4A207002AEBD4 /* InferredOnlyV1CoreDataManager.h */,
				400D9D3316E4A207002AEBD4 /* InferredOnlyV1CoreDataManager.m */,
				400D9D3416E4A207002AEBD4 /* Item.h */,
				400D9D3516E4A207002AEBD4 /* Item.m */,
				400D9D3616E4A207002AEBD4 /* NoMap.xcdatamodeld */,
				400D9D3916E4A207002AEBD4 /* NoMapCoreDataManager.h */,
				400D9D3A16E4A207002AEBD4 /* NoMapCoreDataManager.m */,
				400D9D3B16E4A207002AEBD4 /* NoMapV1CoreDataManager.h */,
				400D9D3C16E4A207002AEBD4 /* NoMapV1CoreDataManager.m */,
				400D9D3D16E4A207002AEBD4 /* SpecificOnly.xcdatamodeld */,
				400D9D4016E4A207002AEBD4 /* SpecificOnlyMap-1_2.xcmappingmodel */,
				400D9D4116E4A207002AEBD4 /* SpecificOnlyV1CoreDataManager.h */,
				400D9D4216E4A207002AEBD4 /* SpecificOnlyV1CoreDataManager.m */,
				400D9D1616E4A1F5002AEBD4 /* Any.xcdatamodeld */,
				400D9D1A16E4A1F6002AEBD4 /* AnyCoreDataManager.h */,
				400D9D1B16E4A1F6002AEBD4 /* AnyCoreDataManager.m */,
				400D9D1C16E4A1F6002AEBD4 /* AnyMap-1_2.xcmappingmodel */,
				400D9D1D16E4A1F6002AEBD4 /* AnyMap-1_3.xcmappingmodel */,
				400D9D1E16E4A1F6002AEBD4 /* AnyMap-2_3.xcmappingmodel */,
				400D9D1F16E4A1F6002AEBD4 /* AnyV1CoreDataManager.h */,
				400D9D2016E4A1F6002AEBD4 /* AnyV1CoreDataManager.m */,
				400D9D2116E4A1F6002AEBD4 /* CoreDataManager.h */,
				400D9D2216E4A1F6002AEBD4 /* CoreDataManager.m */,
				400D9D0216E49F3D002AEBD4 /* TPMigrationManagerUTTests.h */,
				400D9D0316E49F3D002AEBD4 /* TPMigrationManagerUTTests.m */,
				400D9CFD16E49F3D002AEBD4 /* Supporting Files */,
			);
			path = TPMigrationManagerUTTests;
			sourceTree = "<group>";
		};
		400D9CFD16E49F3D002AEBD4 /* Supporting Files */ = {
			isa = PBXGroup;
			children = (
				400D9CFE16E49F3D002AEBD4 /* TPMigrationManagerUTTests-Info.plist */,
				400D9CFF16E49F3D002AEBD4 /* InfoPlist.strings */,
			);
			name = "Supporting Files";
			sourceTree = "<group>";
		};
		400D9D4E16E4A30B002AEBD4 /* TPMigrationManager */ = {
			isa = PBXGroup;
			children = (
				4056395D16E6BC5D0020C12D /* TPMigrationManager.h */,
				4056395E16E6BC5D0020C12D /* TPMigrationManager.m */,
			);
			name = TPMigrationManager;
			path = ../../TPMigrationManager;
			sourceTree = "<group>";
		};
/* End PBXGroup section */

/* Begin PBXNativeTarget section */
		400D9CD416E49F3D002AEBD4 /* TPMigrationManagerUT */ = {
			isa = PBXNativeTarget;
			buildConfigurationList = 400D9D0716E49F3D002AEBD4 /* Build configuration list for PBXNativeTarget "TPMigrationManagerUT" */;
			buildPhases = (
				400D9CD116E49F3D002AEBD4 /* Sources */,
				400D9CD216E49F3D002AEBD4 /* Frameworks */,
				400D9CD316E49F3D002AEBD4 /* Resources */,
			);
			buildRules = (
			);
			dependencies = (
			);
			name = TPMigrationManagerUT;
			productName = TPMigrationManagerUT;
			productReference = 400D9CD516E49F3D002AEBD4 /* TPMigrationManagerUT.app */;
			productType = "com.apple.product-type.application";
		};
		400D9CF416E49F3D002AEBD4 /* TPMigrationManagerUTTests */ = {
			isa = PBXNativeTarget;
			buildConfigurationList = 400D9D0A16E49F3D002AEBD4 /* Build configuration list for PBXNativeTarget "TPMigrationManagerUTTests" */;
			buildPhases = (
				400D9CF016E49F3D002AEBD4 /* Sources */,
				400D9CF116E49F3D002AEBD4 /* Frameworks */,
				400D9CF216E49F3D002AEBD4 /* Resources */,
				400D9CF316E49F3D002AEBD4 /* ShellScript */,
			);
			buildRules = (
			);
			dependencies = (
				400D9CFB16E49F3D002AEBD4 /* PBXTargetDependency */,
			);
			name = TPMigrationManagerUTTests;
			productName = TPMigrationManagerUTTests;
			productReference = 400D9CF516E49F3D002AEBD4 /* TPMigrationManagerUTTests.octest */;
			productType = "com.apple.product-type.bundle";
		};
/* End PBXNativeTarget section */

/* Begin PBXProject section */
		400D9CCD16E49F3D002AEBD4 /* Project object */ = {
			isa = PBXProject;
			attributes = {
				LastUpgradeCheck = 0460;
				ORGANIZATIONNAME = "MIYOKAWA, Nobuyoshi";
			};
			buildConfigurationList = 400D9CD016E49F3D002AEBD4 /* Build configuration list for PBXProject "TPMigrationManagerUT" */;
			compatibilityVersion = "Xcode 3.2";
			developmentRegion = English;
			hasScannedForEncodings = 0;
			knownRegions = (
				en,
			);
			mainGroup = 400D9CCC16E49F3D002AEBD4;
			productRefGroup = 400D9CD616E49F3D002AEBD4 /* Products */;
			projectDirPath = "";
			projectRoot = "";
			targets = (
				400D9CD416E49F3D002AEBD4 /* TPMigrationManagerUT */,
				400D9CF416E49F3D002AEBD4 /* TPMigrationManagerUTTests */,
			);
		};
/* End PBXProject section */

/* Begin PBXResourcesBuildPhase section */
		400D9CD316E49F3D002AEBD4 /* Resources */ = {
			isa = PBXResourcesBuildPhase;
			buildActionMask = 2147483647;
			files = (
				400D9CE316E49F3D002AEBD4 /* InfoPlist.strings in Resources */,
				400D9CEB16E49F3D002AEBD4 /* Default.png in Resources */,
				400D9CED16E49F3D002AEBD4 /* Default@2x.png in Resources */,
				400D9CEF16E49F3D002AEBD4 /* Default-568h@2x.png in Resources */,
			);
			runOnlyForDeploymentPostprocessing = 0;
		};
		400D9CF216E49F3D002AEBD4 /* Resources */ = {
			isa = PBXResourcesBuildPhase;
			buildActionMask = 2147483647;
			files = (
				400D9D0116E49F3D002AEBD4 /* InfoPlist.strings in Resources */,
			);
			runOnlyForDeploymentPostprocessing = 0;
		};
/* End PBXResourcesBuildPhase section */

/* Begin PBXShellScriptBuildPhase section */
		400D9CF316E49F3D002AEBD4 /* ShellScript */ = {
			isa = PBXShellScriptBuildPhase;
			buildActionMask = 2147483647;
			files = (
			);
			inputPaths = (
			);
			outputPaths = (
			);
			runOnlyForDeploymentPostprocessing = 0;
			shellPath = /bin/sh;
			shellScript = "# Run the unit tests in this test bundle.\n\"${SYSTEM_DEVELOPER_DIR}/Tools/RunUnitTests\"\n";
		};
/* End PBXShellScriptBuildPhase section */

/* Begin PBXSourcesBuildPhase section */
		400D9CD116E49F3D002AEBD4 /* Sources */ = {
			isa = PBXSourcesBuildPhase;
			buildActionMask = 2147483647;
			files = (
				400D9CE516E49F3D002AEBD4 /* main.m in Sources */,
				400D9CE916E49F3D002AEBD4 /* AppDelegate.m in Sources */,
				400D9D5716E4A3B7002AEBD4 /* SpecificOnlyMap-1_2.xcmappingmodel in Sources */,
				400D9D5916E4A3BD002AEBD4 /* AnyMap-1_2.xcmappingmodel in Sources */,
				400D9D5A16E4A3E5002AEBD4 /* AnyMap-2_3.xcmappingmodel in Sources */,
				400D9D5B16E4A3E8002AEBD4 /* AnyMap-1_3.xcmappingmodel in Sources */,
				475B6ABE16E4EB2800E5BC6D /* InferredOnly.xcdatamodeld in Sources */,
				475B6ABF16E4EB2B00E5BC6D /* NoMap.xcdatamodeld in Sources */,
				475B6AC016E4EB2E00E5BC6D /* SpecificOnly.xcdatamodeld in Sources */,
				475B6AC116E4EB3200E5BC6D /* Any.xcdatamodeld in Sources */,
			);
			runOnlyForDeploymentPostprocessing = 0;
		};
		400D9CF016E49F3D002AEBD4 /* Sources */ = {
			isa = PBXSourcesBuildPhase;
			buildActionMask = 2147483647;
			files = (
				400D9D0416E49F3D002AEBD4 /* TPMigrationManagerUTTests.m in Sources */,
				400D9D2716E4A1F6002AEBD4 /* AnyCoreDataManager.m in Sources */,
				400D9D2B16E4A1F6002AEBD4 /* AnyV1CoreDataManager.m in Sources */,
				400D9D2C16E4A1F6002AEBD4 /* CoreDataManager.m in Sources */,
				400D9D4416E4A207002AEBD4 /* InferredOnlyV1CoreDataManager.m in Sources */,
				400D9D4516E4A207002AEBD4 /* Item.m in Sources */,
				400D9D4716E4A207002AEBD4 /* NoMapCoreDataManager.m in Sources */,
				400D9D4816E4A207002AEBD4 /* NoMapV1CoreDataManager.m in Sources */,
				400D9D4B16E4A207002AEBD4 /* SpecificOnlyV1CoreDataManager.m in Sources */,
				475B6ABA16E4E2B100E5BC6D /* InferredOnly.xcdatamodeld in Sources */,
				475B6ABB16E4E2C100E5BC6D /* NoMap.xcdatamodeld in Sources */,
				475B6ABC16E4E2CA00E5BC6D /* SpecificOnly.xcdatamodeld in Sources */,
				475B6ABD16E4E2CC00E5BC6D /* Any.xcdatamodeld in Sources */,
				4056395F16E6BC5D0020C12D /* TPMigrationManager.m in Sources */,
			);
			runOnlyForDeploymentPostprocessing = 0;
		};
/* End PBXSourcesBuildPhase section */

/* Begin PBXTargetDependency section */
		400D9CFB16E49F3D002AEBD4 /* PBXTargetDependency */ = {
			isa = PBXTargetDependency;
			target = 400D9CD416E49F3D002AEBD4 /* TPMigrationManagerUT */;
			targetProxy = 400D9CFA16E49F3D002AEBD4 /* PBXContainerItemProxy */;
		};
/* End PBXTargetDependency section */

/* Begin PBXVariantGroup section */
		400D9CE116E49F3D002AEBD4 /* InfoPlist.strings */ = {
			isa = PBXVariantGroup;
			children = (
				400D9CE216E49F3D002AEBD4 /* en */,
			);
			name = InfoPlist.strings;
			sourceTree = "<group>";
		};
		400D9CFF16E49F3D002AEBD4 /* InfoPlist.strings */ = {
			isa = PBXVariantGroup;
			children = (
				400D9D0016E49F3D002AEBD4 /* en */,
			);
			name = InfoPlist.strings;
			sourceTree = "<group>";
		};
/* End PBXVariantGroup section */

/* Begin XCBuildConfiguration section */
		400D9D0516E49F3D002AEBD4 /* Debug */ = {
			isa = XCBuildConfiguration;
			buildSettings = {
				ALWAYS_SEARCH_USER_PATHS = NO;
				CLANG_CXX_LANGUAGE_STANDARD = "gnu++0x";
				CLANG_CXX_LIBRARY = "libc++";
				CLANG_ENABLE_OBJC_ARC = YES;
				CLANG_WARN_CONSTANT_CONVERSION = YES;
				CLANG_WARN_EMPTY_BODY = YES;
				CLANG_WARN_ENUM_CONVERSION = YES;
				CLANG_WARN_INT_CONVERSION = YES;
				CLANG_WARN__DUPLICATE_METHOD_MATCH = YES;
				"CODE_SIGN_IDENTITY[sdk=iphoneos*]" = "iPhone Developer";
				COPY_PHASE_STRIP = NO;
				GCC_C_LANGUAGE_STANDARD = gnu99;
				GCC_DYNAMIC_NO_PIC = NO;
				GCC_OPTIMIZATION_LEVEL = 0;
				GCC_PREPROCESSOR_DEFINITIONS = (
					"DEBUG=1",
					"$(inherited)",
				);
				GCC_SYMBOLS_PRIVATE_EXTERN = NO;
				GCC_WARN_ABOUT_RETURN_TYPE = YES;
				GCC_WARN_UNINITIALIZED_AUTOS = YES;
				GCC_WARN_UNUSED_VARIABLE = YES;
				IPHONEOS_DEPLOYMENT_TARGET = 6.1;
				ONLY_ACTIVE_ARCH = YES;
				SDKROOT = iphoneos;
			};
			name = Debug;
		};
		400D9D0616E49F3D002AEBD4 /* Release */ = {
			isa = XCBuildConfiguration;
			buildSettings = {
				ALWAYS_SEARCH_USER_PATHS = NO;
				CLANG_CXX_LANGUAGE_STANDARD = "gnu++0x";
				CLANG_CXX_LIBRARY = "libc++";
				CLANG_ENABLE_OBJC_ARC = YES;
				CLANG_WARN_CONSTANT_CONVERSION = YES;
				CLANG_WARN_EMPTY_BODY = YES;
				CLANG_WARN_ENUM_CONVERSION = YES;
				CLANG_WARN_INT_CONVERSION = YES;
				CLANG_WARN__DUPLICATE_METHOD_MATCH = YES;
				"CODE_SIGN_IDENTITY[sdk=iphoneos*]" = "iPhone Developer";
				COPY_PHASE_STRIP = YES;
				GCC_C_LANGUAGE_STANDARD = gnu99;
				GCC_WARN_ABOUT_RETURN_TYPE = YES;
				GCC_WARN_UNINITIALIZED_AUTOS = YES;
				GCC_WARN_UNUSED_VARIABLE = YES;
				IPHONEOS_DEPLOYMENT_TARGET = 6.1;
				OTHER_CFLAGS = "-DNS_BLOCK_ASSERTIONS=1";
				SDKROOT = iphoneos;
				VALIDATE_PRODUCT = YES;
			};
			name = Release;
		};
		400D9D0816E49F3D002AEBD4 /* Debug */ = {
			isa = XCBuildConfiguration;
			buildSettings = {
				GCC_PRECOMPILE_PREFIX_HEADER = YES;
				GCC_PREFIX_HEADER = "TPMigrationManagerUT/TPMigrationManagerUT-Prefix.pch";
				INFOPLIST_FILE = "TPMigrationManagerUT/TPMigrationManagerUT-Info.plist";
				PRODUCT_NAME = "$(TARGET_NAME)";
				WRAPPER_EXTENSION = app;
			};
			name = Debug;
		};
		400D9D0916E49F3D002AEBD4 /* Release */ = {
			isa = XCBuildConfiguration;
			buildSettings = {
				GCC_PRECOMPILE_PREFIX_HEADER = YES;
				GCC_PREFIX_HEADER = "TPMigrationManagerUT/TPMigrationManagerUT-Prefix.pch";
				INFOPLIST_FILE = "TPMigrationManagerUT/TPMigrationManagerUT-Info.plist";
				PRODUCT_NAME = "$(TARGET_NAME)";
				WRAPPER_EXTENSION = app;
			};
			name = Release;
		};
		400D9D0B16E49F3D002AEBD4 /* Debug */ = {
			isa = XCBuildConfiguration;
			buildSettings = {
				BUNDLE_LOADER = "$(BUILT_PRODUCTS_DIR)/TPMigrationManagerUT.app/TPMigrationManagerUT";
				FRAMEWORK_SEARCH_PATHS = (
					"\"$(SDKROOT)/Developer/Library/Frameworks\"",
					"\"$(DEVELOPER_LIBRARY_DIR)/Frameworks\"",
				);
				GCC_PRECOMPILE_PREFIX_HEADER = YES;
				GCC_PREFIX_HEADER = "TPMigrationManagerUT/TPMigrationManagerUT-Prefix.pch";
				INFOPLIST_FILE = "TPMigrationManagerUTTests/TPMigrationManagerUTTests-Info.plist";
				PRODUCT_NAME = "$(TARGET_NAME)";
				TEST_HOST = "$(BUNDLE_LOADER)";
				WRAPPER_EXTENSION = octest;
			};
			name = Debug;
		};
		400D9D0C16E49F3D002AEBD4 /* Release */ = {
			isa = XCBuildConfiguration;
			buildSettings = {
				BUNDLE_LOADER = "$(BUILT_PRODUCTS_DIR)/TPMigrationManagerUT.app/TPMigrationManagerUT";
				FRAMEWORK_SEARCH_PATHS = (
					"\"$(SDKROOT)/Developer/Library/Frameworks\"",
					"\"$(DEVELOPER_LIBRARY_DIR)/Frameworks\"",
				);
				GCC_PRECOMPILE_PREFIX_HEADER = YES;
				GCC_PREFIX_HEADER = "TPMigrationManagerUT/TPMigrationManagerUT-Prefix.pch";
				INFOPLIST_FILE = "TPMigrationManagerUTTests/TPMigrationManagerUTTests-Info.plist";
				PRODUCT_NAME = "$(TARGET_NAME)";
				TEST_HOST = "$(BUNDLE_LOADER)";
				WRAPPER_EXTENSION = octest;
			};
			name = Release;
		};
/* End XCBuildConfiguration section */

/* Begin XCConfigurationList section */
		400D9CD016E49F3D002AEBD4 /* Build configuration list for PBXProject "TPMigrationManagerUT" */ = {
			isa = XCConfigurationList;
			buildConfigurations = (
				400D9D0516E49F3D002AEBD4 /* Debug */,
				400D9D0616E49F3D002AEBD4 /* Release */,
			);
			defaultConfigurationIsVisible = 0;
			defaultConfigurationName = Release;
		};
		400D9D0716E49F3D002AEBD4 /* Build configuration list for PBXNativeTarget "TPMigrationManagerUT" */ = {
			isa = XCConfigurationList;
			buildConfigurations = (
				400D9D0816E49F3D002AEBD4 /* Debug */,
				400D9D0916E49F3D002AEBD4 /* Release */,
			);
			defaultConfigurationIsVisible = 0;
			defaultConfigurationName = Release;
		};
		400D9D0A16E49F3D002AEBD4 /* Build configuration list for PBXNativeTarget "TPMigrationManagerUTTests" */ = {
			isa = XCConfigurationList;
			buildConfigurations = (
				400D9D0B16E49F3D002AEBD4 /* Debug */,
				400D9D0C16E49F3D002AEBD4 /* Release */,
			);
			defaultConfigurationIsVisible = 0;
			defaultConfigurationName = Release;
		};
/* End XCConfigurationList section */

/* Begin XCVersionGroup section */
		400D9D1616E4A1F5002AEBD4 /* Any.xcdatamodeld */ = {
			isa = XCVersionGroup;
			children = (
				400D9D1716E4A1F5002AEBD4 /* Any.xcdatamodel */,
				400D9D1816E4A1F5002AEBD4 /* Any2.xcdatamodel */,
				400D9D1916E4A1F6002AEBD4 /* Any3.xcdatamodel */,
			);
			currentVersion = 400D9D1916E4A1F6002AEBD4 /* Any3.xcdatamodel */;
			path = Any.xcdatamodeld;
			sourceTree = "<group>";
			versionGroupType = wrapper.xcdatamodel;
		};
		400D9D2F16E4A207002AEBD4 /* InferredOnly.xcdatamodeld */ = {
			isa = XCVersionGroup;
			children = (
				400D9D3016E4A207002AEBD4 /* InferredOnly.xcdatamodel */,
				400D9D3116E4A207002AEBD4 /* InferredOnly2.xcdatamodel */,
			);
			currentVersion = 400D9D3116E4A207002AEBD4 /* InferredOnly2.xcdatamodel */;
			path = InferredOnly.xcdatamodeld;
			sourceTree = "<group>";
			versionGroupType = wrapper.xcdatamodel;
		};
		400D9D3616E4A207002AEBD4 /* NoMap.xcdatamodeld */ = {
			isa = XCVersionGroup;
			children = (
				400D9D3716E4A207002AEBD4 /* NoMap.xcdatamodel */,
				400D9D3816E4A207002AEBD4 /* NoMap2.xcdatamodel */,
			);
			currentVersion = 400D9D3816E4A207002AEBD4 /* NoMap2.xcdatamodel */;
			path = NoMap.xcdatamodeld;
			sourceTree = "<group>";
			versionGroupType = wrapper.xcdatamodel;
		};
		400D9D3D16E4A207002AEBD4 /* SpecificOnly.xcdatamodeld */ = {
			isa = XCVersionGroup;
			children = (
				400D9D3E16E4A207002AEBD4 /* SpecificOnly.xcdatamodel */,
				400D9D3F16E4A207002AEBD4 /* SpecificOnly2.xcdatamodel */,
			);
			currentVersion = 400D9D3F16E4A207002AEBD4 /* SpecificOnly2.xcdatamodel */;
			path = SpecificOnly.xcdatamodeld;
			sourceTree = "<group>";
			versionGroupType = wrapper.xcdatamodel;
		};
/* End XCVersionGroup section */
	};
	rootObject = 400D9CCD16E49F3D002AEBD4 /* Project object */;
}
